{
  "version": 4,
  "terraform_version": "1.10.4",
  "serial": 3,
  "lineage": "a3b1220e-7eae-d1ae-9b20-7c2b269ad0e6",
  "outputs": {},
  "resources": [
    {
      "module": "module.aws-sam-api-gateway-lambda",
      "mode": "managed",
      "type": "github_repository",
      "name": "this",
      "provider": "provider[\"registry.terraform.io/integrations/github\"]",
      "instances": [
        {
          "schema_version": 1,
          "attributes": {
            "allow_auto_merge": true,
            "allow_merge_commit": false,
            "allow_rebase_merge": false,
            "allow_squash_merge": true,
            "allow_update_branch": true,
            "archive_on_destroy": null,
            "archived": false,
            "auto_init": null,
            "default_branch": "main",
            "delete_branch_on_merge": true,
            "description": "Template for AWS SAM API Gateway and Lambda project",
            "etag": "W/\"83448b76e5eb8cffd052fe817220c702c17b42b98d7c3d88826fb055ac863978\"",
            "full_name": "ebanx/aws-sam-api-gateway-lambda-template",
            "git_clone_url": "git://github.com/ebanx/aws-sam-api-gateway-lambda-template.git",
            "gitignore_template": null,
            "has_discussions": false,
            "has_downloads": false,
            "has_issues": true,
            "has_projects": false,
            "has_wiki": false,
            "homepage_url": "",
            "html_url": "https://github.com/ebanx/aws-sam-api-gateway-lambda-template",
            "http_clone_url": "https://github.com/ebanx/aws-sam-api-gateway-lambda-template.git",
            "id": "aws-sam-api-gateway-lambda-template",
            "ignore_vulnerability_alerts_during_read": true,
            "is_template": true,
            "license_template": null,
            "merge_commit_message": "PR_TITLE",
            "merge_commit_title": "MERGE_MESSAGE",
            "name": "aws-sam-api-gateway-lambda-template",
            "node_id": "R_kgDOOQ0Vvg",
            "pages": [],
            "primary_language": "",
            "private": true,
            "repo_id": 957158846,
            "security_and_analysis": [],
            "squash_merge_commit_message": "PR_BODY",
            "squash_merge_commit_title": "PR_TITLE",
            "ssh_clone_url": "git@github.com:ebanx/aws-sam-api-gateway-lambda-template.git",
            "svn_url": "https://github.com/ebanx/aws-sam-api-gateway-lambda-template",
            "template": [
              {
                "include_all_branches": false,
                "owner": "ebanx",
                "repository": "ebanx-template-repo"
              }
            ],
            "topics": [
              "api-gateway",
              "aws",
              "lambda",
              "sam",
              "service-catalog",
              "template"
            ],
            "visibility": "private",
            "vulnerability_alerts": true,
            "web_commit_signoff_required": false
          },
          "sensitive_attributes": [],
          "private": "eyJzY2hlbWFfdmVyc2lvbiI6IjEifQ=="
        }
      ]
    }
  ],
  "check_results": null
}
